// !$*UTF8*$!
{
	archiveVersion = 1;
	classes = {
	};
	objectVersion = 46;
	objects = {

/* Begin PBXBuildFile section */
		000000000000000000000001 /* WFPActionComponent.cpp in Sources */ = {isa = PBXBuildFile; fileRef = 00000000000000000000FFFF /* WFPActionComponent.cpp */; };
		000000000000000000000002 /* WFPActionComponent.cpp in Sources */ = {isa = PBXBuildFile; fileRef = 00000000000000000000FFFF /* WFPActionComponent.cpp */; };
		000000000000000000000003 /* WFPDialogController.cpp in Sources */ = {isa = PBXBuildFile; fileRef = 00000000000000000000FFFE /* WFPDialogController.cpp */; };
		000000000000000000000004 /* WFPDialogController.cpp in Sources */ = {isa = PBXBuildFile; fileRef = 00000000000000000000FFFE /* WFPDialogController.cpp */; };
		000000000000000000000005 /* WFPDialogObserver.cpp in Sources */ = {isa = PBXBuildFile; fileRef = 00000000000000000000FFFD /* WFPDialogObserver.cpp */; };
		000000000000000000000006 /* WFPDialogObserver.cpp in Sources */ = {isa = PBXBuildFile; fileRef = 00000000000000000000FFFD /* WFPDialogObserver.cpp */; };
		F957085215C90B3B00C95573 /* WFP.fr in Sources */ = {isa = PBXBuildFile; fileRef = 4B05EED108840E9500D809E1 /* WFP.fr */; };
		F957085415C90B3B00C95573 /* WFPNoStrip.cpp in Sources */ = {isa = PBXBuildFile; fileRef = 4B05EECD08840E9300D809E1 /* WFPNoStrip.cpp */; };
		F957085515C90B3B00C95573 /* WFPID.cpp in Sources */ = {isa = PBXBuildFile; fileRef = 4B05EECE08840E9400D809E1 /* WFPID.cpp */; };
		F957085815C90B3B00C95573 /* SDKPlugInEntrypoint.cpp in Sources */ = {isa = PBXBuildFile; fileRef = 4B05EECC08840E9200D809E1 /* SDKPlugInEntrypoint.cpp */; };
		F957086415C90B3E00C95573 /* WFP.fr in Sources */ = {isa = PBXBuildFile; fileRef = 4B05EED108840E9500D809E1 /* WFP.fr */; };
		F957086615C90B3E00C95573 /* WFPNoStrip.cpp in Sources */ = {isa = PBXBuildFile; fileRef = 4B05EECD08840E9300D809E1 /* WFPNoStrip.cpp */; };
		F957086715C90B3E00C95573 /* WFPID.cpp in Sources */ = {isa = PBXBuildFile; fileRef = 4B05EECE08840E9400D809E1 /* WFPID.cpp */; };
		F957086A15C90B3E00C95573 /* SDKPlugInEntrypoint.cpp in Sources */ = {isa = PBXBuildFile; fileRef = 4B05EECC08840E9200D809E1 /* SDKPlugInEntrypoint.cpp */; };
		F957087415C90B5100C95573 /* InDesignModelAndUI.framework in Frameworks */ = {isa = PBXBuildFile; fileRef = F957084D15C90B2D00C95573 /* InDesignModelAndUI.framework */; };
		F957087515C90B5100C95573 /* libPublicPlugIn.a in Frameworks */ = {isa = PBXBuildFile; fileRef = F957084E15C90B2D00C95573 /* libPublicPlugIn.a */; };
		F957087615C90B5D00C95573 /* InDesignModelAndUI.framework in Frameworks */ = {isa = PBXBuildFile; fileRef = F957084B15C90B2D00C95573 /* InDesignModelAndUI.framework */; };
		F957087715C90B5D00C95573 /* libPublicPlugIn.a in Frameworks */ = {isa = PBXBuildFile; fileRef = F957084C15C90B2D00C95573 /* libPublicPlugIn.a */; };
/* End PBXBuildFile section */

/* Begin PBXBuildRule section */
		F957085D15C90B3B00C95573 /* PBXBuildRule */ = {
			isa = PBXBuildRule;
			compilerSpec = com.apple.compilers.proxy.script;
			filePatterns = "*.fr";
			fileType = pattern.proxy;
			inputFiles = (
			);
			isEditable = 1;
			outputFiles = (
				"$(REZ_COLLECTOR_DIR)/$(INPUT_FILE_NAME).rsrc",
			);
			script = "$ID_SDK_ROOT/devtools/bin/odfrc-cmd -d DEBUG $ODFRC_ADDITIONAL_FLAGS -o \"$REZ_COLLECTOR_DIR/$INPUT_FILE_NAME.rsrc\" \"$INPUT_FILE_PATH\"";
		};
		F957086F15C90B3E00C95573 /* PBXBuildRule */ = {
			isa = PBXBuildRule;
			compilerSpec = com.apple.compilers.proxy.script;
			filePatterns = "*.fr";
			fileType = pattern.proxy;
			inputFiles = (
			);
			isEditable = 1;
			outputFiles = (
				"$(REZ_COLLECTOR_DIR)/$(INPUT_FILE_NAME).rsrc",
			);
			script = "$ID_SDK_ROOT/devtools/bin/odfrc-cmd -d RELEASE $ODFRC_ADDITIONAL_FLAGS -o \"$REZ_COLLECTOR_DIR/$INPUT_FILE_NAME.rsrc\" \"$INPUT_FILE_PATH\"";
		};
/* End PBXBuildRule section */

/* Begin PBXFileReference section */
		00000000000000000000FFFD /* WFPDialogObserver.cpp */ = {isa = PBXFileReference; lastKnownFileType = sourcecode.cpp.cpp; name = WFPDialogObserver.cpp; path = ../../source/sdksamples/WriteFishPrice/WFPDialogObserver.cpp; sourceTree = SOURCE_ROOT; };
		00000000000000000000FFFE /* WFPDialogController.cpp */ = {isa = PBXFileReference; lastKnownFileType = sourcecode.cpp.cpp; name = WFPDialogController.cpp; path = ../../source/sdksamples/WriteFishPrice/WFPDialogController.cpp; sourceTree = SOURCE_ROOT; };
		00000000000000000000FFFF /* WFPActionComponent.cpp */ = {isa = PBXFileReference; lastKnownFileType = sourcecode.cpp.cpp; name = WFPActionComponent.cpp; path = ../../source/sdksamples/WriteFishPrice/WFPActionComponent.cpp; sourceTree = SOURCE_ROOT; };
		4B05EECC08840E9200D809E1 /* SDKPlugInEntrypoint.cpp */ = {isa = PBXFileReference; lastKnownFileType = sourcecode.cpp.cpp; name = SDKPlugInEntrypoint.cpp; path = $ID_SDK_ROOT/source/sdksamples/common/SDKPlugInEntrypoint.cpp; sourceTree = SOURCE_ROOT; };
		4B05EECD08840E9300D809E1 /* WFPNoStrip.cpp */ = {isa = PBXFileReference; lastKnownFileType = sourcecode.cpp.cpp; name = WFPNoStrip.cpp; path = ../../source/sdksamples/WriteFishPrice/WFPNoStrip.cpp; sourceTree = SOURCE_ROOT; };
		4B05EECE08840E9400D809E1 /* WFPID.cpp */ = {isa = PBXFileReference; lastKnownFileType = sourcecode.cpp.cpp; name = WFPID.cpp; path = ../../source/sdksamples/WriteFishPrice/WFPID.cpp; sourceTree = SOURCE_ROOT; };
		4B05EECF08840E9400D809E1 /* WFPID.h */ = {isa = PBXFileReference; lastKnownFileType = sourcecode.c.h; name = WFPID.h; path = ../../source/sdksamples/WriteFishPrice/WFPID.h; sourceTree = SOURCE_ROOT; };
		4B05EED108840E9500D809E1 /* WFP.fr */ = {isa = PBXFileReference; lastKnownFileType = text; name = WFP.fr; path = ../../source/sdksamples/WriteFishPrice/WFP.fr; sourceTree = SOURCE_ROOT; };
		77355572120250EF00E6FC19 /* Info.plist */ = {isa = PBXFileReference; fileEncoding = 4; lastKnownFileType = text.plist.xml; name = Info.plist; path = $ID_SDK_ROOT/source/sdksamples/common/Info.plist; sourceTree = SOURCE_ROOT; };
		77D687F1113861B500D56A9C /* _shared_build_settings/cocoa_ui_debug.xcconfig */ = {isa = PBXFileReference; fileEncoding = 4; lastKnownFileType = text.xcconfig; path = _shared_build_settings/cocoa_ui_debug.xcconfig; sourceTree = "<group>"; };
		77D687F2113861B500D56A9C /* _shared_build_settings/cocoa_ui_release.xcconfig */ = {isa = PBXFileReference; fileEncoding = 4; lastKnownFileType = text.xcconfig; path = _shared_build_settings/cocoa_ui_release.xcconfig; sourceTree = "<group>"; };
		77D687F3113861B500D56A9C /* WriteFishPricePlugin_debug.xcconfig */ = {isa = PBXFileReference; fileEncoding = 4; lastKnownFileType = text.xcconfig; path = WriteFishPricePlugin_debug.xcconfig; sourceTree = "<group>"; };
		77D687F4113861B500D56A9C /* WriteFishPricePlugin_release.xcconfig */ = {isa = PBXFileReference; fileEncoding = 4; lastKnownFileType = text.xcconfig; path = WriteFishPricePlugin_release.xcconfig; sourceTree = "<group>"; };
		7FE5845808AD6DB8007DB654 /* _shared_build_settings/common_release.xcconfig */ = {isa = PBXFileReference; fileEncoding = 30; lastKnownFileType = text.xcconfig; path = _shared_build_settings/common_release.xcconfig; sourceTree = SOURCE_ROOT; };
		7FE5845908AD6DB8007DB654 /* _shared_build_settings/common_debug.xcconfig */ = {isa = PBXFileReference; fileEncoding = 30; lastKnownFileType = text.xcconfig; path = _shared_build_settings/common_debug.xcconfig; sourceTree = SOURCE_ROOT; };
		7FE5845A08AD6DB8007DB654 /* WriteFishPricePlugin.xcconfig */ = {isa = PBXFileReference; fileEncoding = 30; lastKnownFileType = text.xcconfig; path = WriteFishPricePlugin.xcconfig; sourceTree = SOURCE_ROOT; };
		F957084B15C90B2D00C95573 /* InDesignModelAndUI.framework */ = {isa = PBXFileReference; lastKnownFileType = wrapper.framework; name = InDesignModelAndUI.framework; path = ../../build/mac/debug_cocoa64/packagefolder/contents/macos/InDesignModelAndUI.framework; sourceTree = SOURCE_ROOT; };
		F957084C15C90B2D00C95573 /* libPublicPlugIn.a */ = {isa = PBXFileReference; lastKnownFileType = archive.ar; name = libPublicPlugIn.a; path = ../debug_cocoa64/packagefolder/contents/macos/libs/libPublicPlugIn.a; sourceTree = SOURCE_ROOT; };
		F957084D15C90B2D00C95573 /* InDesignModelAndUI.framework */ = {isa = PBXFileReference; lastKnownFileType = wrapper.framework; name = InDesignModelAndUI.framework; path = ../../build/mac/release_cocoa64/packagefolder/contents/macos/InDesignModelAndUI.framework; sourceTree = SOURCE_ROOT; };
		F957084E15C90B2D00C95573 /* libPublicPlugIn.a */ = {isa = PBXFileReference; lastKnownFileType = archive.ar; name = libPublicPlugIn.a; path = ../release_cocoa64/packagefolder/contents/macos/libs/libPublicPlugIn.a; sourceTree = SOURCE_ROOT; };
		F957086015C90B3B00C95573 /* WriteFishPrice.InDesignPlugin */ = {isa = PBXFileReference; explicitFileType = wrapper.framework; includeInIndex = 0; path = WriteFishPrice.InDesignPlugin; sourceTree = BUILT_PRODUCTS_DIR; };
		F957087215C90B3E00C95573 /* WriteFishPrice.InDesignPlugin */ = {isa = PBXFileReference; explicitFileType = wrapper.framework; includeInIndex = 0; path = WriteFishPrice.InDesignPlugin; sourceTree = BUILT_PRODUCTS_DIR; };
/* End PBXFileReference section */

/* Begin PBXFrameworksBuildPhase section */
		F957085915C90B3B00C95573 /* Frameworks */ = {
			isa = PBXFrameworksBuildPhase;
			buildActionMask = 2147483647;
			files = (
				F957087615C90B5D00C95573 /* InDesignModelAndUI.framework in Frameworks */,
				F957087715C90B5D00C95573 /* libPublicPlugIn.a in Frameworks */,
			);
			runOnlyForDeploymentPostprocessing = 0;
		};
		F957086B15C90B3E00C95573 /* Frameworks */ = {
			isa = PBXFrameworksBuildPhase;
			buildActionMask = 2147483647;
			files = (
				F957087415C90B5100C95573 /* InDesignModelAndUI.framework in Frameworks */,
				F957087515C90B5100C95573 /* libPublicPlugIn.a in Frameworks */,
			);
			runOnlyForDeploymentPostprocessing = 0;
		};
/* End PBXFrameworksBuildPhase section */

/* Begin PBXGroup section */
		4B05EEAD08840E8D00D809E1 = {
			isa = PBXGroup;
			children = (
				4B05EEC708840E8D00D809E1 /* Source */,
				4B05EED008840E9400D809E1 /* Resources */,
				7F52248408AFCE1F00139994 /* xcconfig */,
				F957084215C90B2D00C95573 /* InDesign Libraries */,
				4B05EEBB08840E8D00D809E1 /* Products */,
				77355572120250EF00E6FC19 /* Info.plist */,
			);
			sourceTree = "<group>";
		};
		4B05EEBB08840E8D00D809E1 /* Products */ = {
			isa = PBXGroup;
			children = (
				F957086015C90B3B00C95573 /* WriteFishPrice.InDesignPlugin */,
				F957087215C90B3E00C95573 /* WriteFishPrice.InDesignPlugin */,
			);
			name = Products;
			sourceTree = "<group>";
		};
		4B05EEC708840E8D00D809E1 /* Source */ = {
			isa = PBXGroup;
			children = (
				00000000000000000000FFFF /* WFPActionComponent.cpp */,
				00000000000000000000FFFE /* WFPDialogController.cpp */,
				00000000000000000000FFFD /* WFPDialogObserver.cpp */,
				4B05EECB08840E9100D809E1 /* Plugin */,
			);
			name = Source;
			sourceTree = "<group>";
		};
		4B05EECB08840E9100D809E1 /* Plugin */ = {
			isa = PBXGroup;
			children = (
				4B05EECC08840E9200D809E1 /* SDKPlugInEntrypoint.cpp */,
				4B05EECD08840E9300D809E1 /* WFPNoStrip.cpp */,
				4B05EECF08840E9400D809E1 /* WFPID.h */,
				4B05EECE08840E9400D809E1 /* WFPID.cpp */,
			);
			name = Plugin;
			sourceTree = "<group>";
		};
		4B05EED008840E9400D809E1 /* Resources */ = {
			isa = PBXGroup;
			children = (
				4B05EED108840E9500D809E1 /* WFP.fr */,
			);
			name = Resources;
			sourceTree = "<group>";
		};
		7F52248408AFCE1F00139994 /* xcconfig */ = {
			isa = PBXGroup;
			children = (
				7FE5845808AD6DB8007DB654 /* _shared_build_settings/common_release.xcconfig */,
				7FE5845908AD6DB8007DB654 /* _shared_build_settings/common_debug.xcconfig */,
				7FE5845A08AD6DB8007DB654 /* WriteFishPricePlugin.xcconfig */,
				77D687F1113861B500D56A9C /* _shared_build_settings/cocoa_ui_debug.xcconfig */,
				77D687F2113861B500D56A9C /* _shared_build_settings/cocoa_ui_release.xcconfig */,
				77D687F3113861B500D56A9C /* WriteFishPricePlugin_debug.xcconfig */,
				77D687F4113861B500D56A9C /* WriteFishPricePlugin_release.xcconfig */,
			);
			name = xcconfig;
			sourceTree = "<group>";
		};
		F957084215C90B2D00C95573 /* InDesign Libraries */ = {
			isa = PBXGroup;
			children = (
				F957084915C90B2D00C95573 /* For Cocoa64 */,
			);
			name = "InDesign Libraries";
			sourceTree = "<group>";
		};
		F957084915C90B2D00C95573 /* For Cocoa64 */ = {
			isa = PBXGroup;
			children = (
				F957084D15C90B2D00C95573 /* InDesignModelAndUI.framework */,
				F957084E15C90B2D00C95573 /* libPublicPlugIn.a */,
				F957084A15C90B2D00C95573 /* Debug */,
			);
			name = "For Cocoa64";
			sourceTree = "<group>";
		};
		F957084A15C90B2D00C95573 /* Debug */ = {
			isa = PBXGroup;
			children = (
				F957084B15C90B2D00C95573 /* InDesignModelAndUI.framework */,
				F957084C15C90B2D00C95573 /* libPublicPlugIn.a */,
			);
			name = Debug;
			sourceTree = "<group>";
		};
/* End PBXGroup section */

/* Begin PBXNativeTarget section */
		F957085015C90B3B00C95573 /* Debug_Cocoa64 */ = {
			isa = PBXNativeTarget;
			buildConfigurationList = F957085E15C90B3B00C95573 /* Build configuration list for PBXNativeTarget "Debug_Cocoa64" */;
			buildPhases = (
				F957085115C90B3B00C95573 /* Sources */,
				F957085915C90B3B00C95573 /* Frameworks */,
				F957085A15C90B3B00C95573 /* Rez */,
				F957085B15C90B3B00C95573 /* Resources */,
				F957085C15C90B3B00C95573 /* ShellScript */,
			);
			buildRules = (
				F957085D15C90B3B00C95573 /* PBXBuildRule */,
			);
			dependencies = (
			);
			name = Debug_Cocoa64;
			productName = Debug;
			productReference = F957086015C90B3B00C95573 /* WriteFishPrice.InDesignPlugin */;
			productType = "com.apple.product-type.framework";
		};
		F957086215C90B3E00C95573 /* Release_Cocoa64 */ = {
			isa = PBXNativeTarget;
			buildConfigurationList = F957087015C90B3E00C95573 /* Build configuration list for PBXNativeTarget "Release_Cocoa64" */;
			buildPhases = (
				F957086315C90B3E00C95573 /* Sources */,
				F957086B15C90B3E00C95573 /* Frameworks */,
				F957086C15C90B3E00C95573 /* Rez */,
				F957086D15C90B3E00C95573 /* Resources */,
				F957086E15C90B3E00C95573 /* ShellScript */,
			);
			buildRules = (
				F957086F15C90B3E00C95573 /* PBXBuildRule */,
			);
			dependencies = (
			);
			name = Release_Cocoa64;
			productName = Release;
			productReference = F957087215C90B3E00C95573 /* WriteFishPrice.InDesignPlugin */;
			productType = "com.apple.product-type.framework";
		};
/* End PBXNativeTarget section */

/* Begin PBXProject section */
		4B05EEAF08840E8D00D809E1 /* Project object */ = {
			isa = PBXProject;
			attributes = {
				LastUpgradeCheck = 1140;
				TargetAttributes = {
					F957085015C90B3B00C95573 = {
						ProvisioningStyle = Manual;
					};
					F957086215C90B3E00C95573 = {
						ProvisioningStyle = Manual;
					};
				};
			};
			buildConfigurationList = 4B05EEB008840E8D00D809E1 /* Build configuration list for PBXProject "WriteFishPrice" */;
			compatibilityVersion = "Xcode 3.2";
			developmentRegion = English;
			hasScannedForEncodings = 0;
			knownRegions = (
				English,
				Japanese,
				French,
				German,
			);
			mainGroup = 4B05EEAD08840E8D00D809E1;
			productRefGroup = 4B05EEBB08840E8D00D809E1 /* Products */;
			projectDirPath = "";
			projectRoot = "";
			targets = (
				F957085015C90B3B00C95573 /* Debug_Cocoa64 */,
				F957086215C90B3E00C95573 /* Release_Cocoa64 */,
			);
		};
/* End PBXProject section */

/* Begin PBXResourcesBuildPhase section */
		F957085B15C90B3B00C95573 /* Resources */ = {
			isa = PBXResourcesBuildPhase;
			buildActionMask = 2147483647;
			files = (
			);
			runOnlyForDeploymentPostprocessing = 0;
		};
		F957086D15C90B3E00C95573 /* Resources */ = {
			isa = PBXResourcesBuildPhase;
			buildActionMask = 2147483647;
			files = (
			);
			runOnlyForDeploymentPostprocessing = 0;
		};
/* End PBXResourcesBuildPhase section */

/* Begin PBXRezBuildPhase section */
		F957085A15C90B3B00C95573 /* Rez */ = {
			isa = PBXRezBuildPhase;
			buildActionMask = 2147483647;
			files = (
			);
			runOnlyForDeploymentPostprocessing = 0;
		};
		F957086C15C90B3E00C95573 /* Rez */ = {
			isa = PBXRezBuildPhase;
			buildActionMask = 2147483647;
			files = (
			);
			runOnlyForDeploymentPostprocessing = 0;
		};
/* End PBXRezBuildPhase section */

/* Begin PBXShellScriptBuildPhase section */
		F957085C15C90B3B00C95573 /* ShellScript */ = {
			isa = PBXShellScriptBuildPhase;
			buildActionMask = 2147483647;
			files = (
			);
			inputPaths = (
			);
			outputPaths = (
			);
			runOnlyForDeploymentPostprocessing = 0;
			shellPath = /bin/sh;
			shellScript = $ID_SDK_ROOT/build/mac/packagescripts/copyResources.sh;
			showEnvVarsInLog = 0;
		};
		F957086E15C90B3E00C95573 /* ShellScript */ = {
			isa = PBXShellScriptBuildPhase;
			buildActionMask = 2147483647;
			files = (
			);
			inputPaths = (
			);
			outputPaths = (
			);
			runOnlyForDeploymentPostprocessing = 0;
			shellPath = /bin/sh;
			shellScript = $ID_SDK_ROOT/build/mac/packagescripts/copyResources.sh;
			showEnvVarsInLog = 0;
		};
/* End PBXShellScriptBuildPhase section */

/* Begin PBXSourcesBuildPhase section */
		F957085115C90B3B00C95573 /* Sources */ = {
			isa = PBXSourcesBuildPhase;
			buildActionMask = 2147483647;
			files = (
				000000000000000000000002 /* WFPActionComponent.cpp in Sources */,
				000000000000000000000004 /* WFPDialogController.cpp in Sources */,
				000000000000000000000006 /* WFPDialogObserver.cpp in Sources */,
				F957085215C90B3B00C95573 /* WFP.fr in Sources */,
				F957085415C90B3B00C95573 /* WFPNoStrip.cpp in Sources */,
				F957085515C90B3B00C95573 /* WFPID.cpp in Sources */,
				F957085815C90B3B00C95573 /* SDKPlugInEntrypoint.cpp in Sources */,
			);
			runOnlyForDeploymentPostprocessing = 0;
		};
		F957086315C90B3E00C95573 /* Sources */ = {
			isa = PBXSourcesBuildPhase;
			buildActionMask = 2147483647;
			files = (
				000000000000000000000001 /* WFPActionComponent.cpp in Sources */,
				000000000000000000000003 /* WFPDialogController.cpp in Sources */,
				000000000000000000000005 /* WFPDialogObserver.cpp in Sources */,
				F957086415C90B3E00C95573 /* WFP.fr in Sources */,
				F957086615C90B3E00C95573 /* WFPNoStrip.cpp in Sources */,
				F957086715C90B3E00C95573 /* WFPID.cpp in Sources */,
				F957086A15C90B3E00C95573 /* SDKPlugInEntrypoint.cpp in Sources */,
			);
			runOnlyForDeploymentPostprocessing = 0;
		};
/* End PBXSourcesBuildPhase section */

/* Begin XCBuildConfiguration section */
		4B05EEB108840E8D00D809E1 /* Default */ = {
			isa = XCBuildConfiguration;
			baseConfigurationReference = 7FE5845A08AD6DB8007DB654 /* WriteFishPricePlugin.xcconfig */;
			buildSettings = {
				BUILT_PRODUCTS_DIR = "$(ID_BUILT_SDK_SAMPLES_DIR)";
				CLANG_ANALYZER_LOCALIZABILITY_NONLOCALIZED = YES;
				GCC_WARN_UNUSED_PARAMETER = YES;
				HEADER_SEARCH_PATHS = (
					"$(HEADER_SEARCH_PATHS)",
					$ID_SDK_ROOT/source/public/interfaces/tables,
					$ID_SDK_ROOT/source/public/components/widgetbin/includes,
					$ID_SDK_ROOT/source/public/interfaces/workgroup,
					$ID_SDK_ROOT/source/public/interfaces/interactive,
					$ID_SDK_ROOT/source/public/interfaces/interactive/ui,
					$ID_SDK_ROOT/source/public/interfaces/colormgmt,
					$ID_SDK_ROOT/source/public/interfaces/incopy,
					$ID_SDK_ROOT/source/public/interfaces/cjk,
					$ID_SDK_ROOT/source/public/interfaces/preflight,
					$ID_SDK_ROOT/source/public/facades/graphics,
					$ID_SDK_ROOT/source/public/facades/text,
					$ID_SDK_ROOT/source/public/facades/layout,
					$ID_SDK_ROOT/source/public/components/publiclib/plugins,
					$ID_SDK_ROOT/source/public/components/publiclib/files,
					$ID_SDK_ROOT/source/public/components/publiclib/objectmodel,
					$ID_SDK_ROOT/source/sdksamples/common,
					$ID_SDK_ROOT/external/afl/includes,
					../../source/sdksamples/WriteFishPrice,
				);
				INFOPLIST_FILE = $ID_SDK_ROOT/source/sdksamples/common/Info.plist;
				INFOPLIST_PREPROCESS = YES;
				PLC_OUTPUT_TYPE = InDa;
				PRODUCT_NAME = WriteFishPrice;
			};
			name = Default;
		};
		F957085F15C90B3B00C95573 /* Default */ = {
			isa = XCBuildConfiguration;
			baseConfigurationReference = 77D687F3113861B500D56A9C /* WriteFishPricePlugin_debug.xcconfig */;
			buildSettings = {
				CLANG_ENABLE_OBJC_WEAK = YES;
				CODE_SIGN_IDENTITY = "-";
				CODE_SIGN_STYLE = Manual;
				DEVELOPMENT_TEAM = "";
				ENABLE_HARDENED_RUNTIME = NO;
				PLC_GENERATE_PKGINFO_FILE = "$(inherited)";
				PROVISIONING_PROFILE_SPECIFIER = "";
			};
			name = Default;
		};
		F957087115C90B3E00C95573 /* Default */ = {
			isa = XCBuildConfiguration;
			baseConfigurationReference = 77D687F4113861B500D56A9C /* WriteFishPricePlugin_release.xcconfig */;
			buildSettings = {
				CLANG_ENABLE_OBJC_WEAK = YES;
				CODE_SIGN_IDENTITY = "-";
				CODE_SIGN_INJECT_BASE_ENTITLEMENTS = YES;
				CODE_SIGN_STYLE = Manual;
				DEVELOPMENT_TEAM = "";
				ENABLE_HARDENED_RUNTIME = NO;
				PROVISIONING_PROFILE_SPECIFIER = "";
			};
			name = Default;
		};
/* End XCBuildConfiguration section */

/* Begin XCConfigurationList section */
		4B05EEB008840E8D00D809E1 /* Build configuration list for PBXProject "WriteFishPrice" */ = {
			isa = XCConfigurationList;
			buildConfigurations = (
				4B05EEB108840E8D00D809E1 /* Default */,
			);
			defaultConfigurationIsVisible = 1;
			defaultConfigurationName = Default;
		};
		F957085E15C90B3B00C95573 /* Build configuration list for PBXNativeTarget "Debug_Cocoa64" */ = {
			isa = XCConfigurationList;
			buildConfigurations = (
				F957085F15C90B3B00C95573 /* Default */,
			);
			defaultConfigurationIsVisible = 0;
			defaultConfigurationName = Default;
		};
		F957087015C90B3E00C95573 /* Build configuration list for PBXNativeTarget "Release_Cocoa64" */ = {
			isa = XCConfigurationList;
			buildConfigurations = (
				F957087115C90B3E00C95573 /* Default */,
			);
			defaultConfigurationIsVisible = 0;
			defaultConfigurationName = Default;
		};
/* End XCConfigurationList section */
	};
	rootObject = 4B05EEAF08840E8D00D809E1 /* Project object */;
}
